
Microsoft Visual Studio Solution File, Format Version 12.00
# Visual Studio Version 17
VisualStudioVersion = 17.11.35327.3
MinimumVisualStudioVersion = 10.0.40219.1
Project("{FAE04EC0-301F-11D3-BF4B-00C04F79EFBC}") = "Ej13", "Ej13\Ej13.csproj", "{D5D60380-CDE4-4175-8AC0-5119ACD54ABB}"
EndProject
Global
	GlobalSection(SolutionConfigurationPlatforms) = preSolution
		Debug|Any CPU = Debug|Any CPU
		Release|Any CPU = Release|Any CPU
	EndGlobalSection
	GlobalSection(ProjectConfigurationPlatforms) = postSolution
		{D5D60380-CDE4-4175-8AC0-5119ACD54ABB}.Debug|Any CPU.ActiveCfg = Debug|Any CPU
		{D5D60380-CDE4-4175-8AC0-5119ACD54ABB}.Debug|Any CPU.Build.0 = Debug|Any CPU
		{D5D60380-CDE4-4175-8AC0-5119ACD54ABB}.Release|Any CPU.ActiveCfg = Release|Any CPU
		{D5D60380-CDE4-4175-8AC0-5119ACD54ABB}.Release|Any CPU.Build.0 = Release|Any CPU
	EndGlobalSection
	GlobalSection(SolutionProperties) = preSolution
		HideSolutionNode = FALSE
	EndGlobalSection
	GlobalSection(ExtensibilityGlobals) = postSolution
		SolutionGuid = {3E8ED0E3-C6C4-431D-85D5-D6B15CC47BC0}
	EndGlobalSection
EndGlobal
