
Microsoft Visual Studio Solution File, Format Version 12.00
# Visual Studio Version 17
VisualStudioVersion = 17.11.35327.3
MinimumVisualStudioVersion = 10.0.40219.1
Project("{FAE04EC0-301F-11D3-BF4B-00C04F79EFBC}") = "Ej3", "Ej3\Ej3.csproj", "{73111D75-E063-436C-B3C6-BC430D2C1392}"
EndProject
Global
	GlobalSection(SolutionConfigurationPlatforms) = preSolution
		Debug|Any CPU = Debug|Any CPU
		Release|Any CPU = Release|Any CPU
	EndGlobalSection
	GlobalSection(ProjectConfigurationPlatforms) = postSolution
		{73111D75-E063-436C-B3C6-BC430D2C1392}.Debug|Any CPU.ActiveCfg = Debug|Any CPU
		{73111D75-E063-436C-B3C6-BC430D2C1392}.Debug|Any CPU.Build.0 = Debug|Any CPU
		{73111D75-E063-436C-B3C6-BC430D2C1392}.Release|Any CPU.ActiveCfg = Release|Any CPU
		{73111D75-E063-436C-B3C6-BC430D2C1392}.Release|Any CPU.Build.0 = Release|Any CPU
	EndGlobalSection
	GlobalSection(SolutionProperties) = preSolution
		HideSolutionNode = FALSE
	EndGlobalSection
	GlobalSection(ExtensibilityGlobals) = postSolution
		SolutionGuid = {401C8B11-CC4B-4697-AAB1-DFAD85233220}
	EndGlobalSection
EndGlobal
