
Microsoft Visual Studio Solution File, Format Version 12.00
# Visual Studio Version 17
VisualStudioVersion = 17.11.35327.3
MinimumVisualStudioVersion = 10.0.40219.1
Project("{FAE04EC0-301F-11D3-BF4B-00C04F79EFBC}") = "Ej10", "Ej10\Ej10.csproj", "{ED16B127-C31E-4910-9891-639AA51FC84B}"
EndProject
Global
	GlobalSection(SolutionConfigurationPlatforms) = preSolution
		Debug|Any CPU = Debug|Any CPU
		Release|Any CPU = Release|Any CPU
	EndGlobalSection
	GlobalSection(ProjectConfigurationPlatforms) = postSolution
		{ED16B127-C31E-4910-9891-639AA51FC84B}.Debug|Any CPU.ActiveCfg = Debug|Any CPU
		{ED16B127-C31E-4910-9891-639AA51FC84B}.Debug|Any CPU.Build.0 = Debug|Any CPU
		{ED16B127-C31E-4910-9891-639AA51FC84B}.Release|Any CPU.ActiveCfg = Release|Any CPU
		{ED16B127-C31E-4910-9891-639AA51FC84B}.Release|Any CPU.Build.0 = Release|Any CPU
	EndGlobalSection
	GlobalSection(SolutionProperties) = preSolution
		HideSolutionNode = FALSE
	EndGlobalSection
	GlobalSection(ExtensibilityGlobals) = postSolution
		SolutionGuid = {B092CFA0-4BB3-4D1C-AA3E-A5DCA6E32647}
	EndGlobalSection
EndGlobal
